
Microsoft Visual Studio Solution File, Format Version 12.00
# Visual Studio 2015
Project("{FAE04EC0-301F-11D3-BF4B-00C04F79EFBC}") = "duckels_4x.CSharp.Plugins", "duckels_4x.CSharp.Plugins.csproj", "{C3840D90-E0F7-7A7D-F524-76715D16A1CF}"
EndProject
Project("{FAE04EC0-301F-11D3-BF4B-00C04F79EFBC}") = "duckels_4x.CSharp", "duckels_4x.CSharp.csproj", "{4660470E-FAFD-29C9-596A-49842395B1AE}"
EndProject
Project("{FAE04EC0-301F-11D3-BF4B-00C04F79EFBC}") = "duckels_4x.CSharp.Editor", "duckels_4x.CSharp.Editor.csproj", "{B8692271-3E15-144A-8AF9-4879BE2A7EB7}"
EndProject
Global
	GlobalSection(SolutionConfigurationPlatforms) = preSolution
		Debug|Any CPU = Debug|Any CPU
		Release|Any CPU = Release|Any CPU
	EndGlobalSection
	GlobalSection(ProjectConfigurationPlatforms) = postSolution
		{C3840D90-E0F7-7A7D-F524-76715D16A1CF}.Debug|Any CPU.ActiveCfg = Debug|Any CPU
		{C3840D90-E0F7-7A7D-F524-76715D16A1CF}.Debug|Any CPU.Build.0 = Debug|Any CPU
		{C3840D90-E0F7-7A7D-F524-76715D16A1CF}.Release|Any CPU.ActiveCfg = Release|Any CPU
		{C3840D90-E0F7-7A7D-F524-76715D16A1CF}.Release|Any CPU.Build.0 = Release|Any CPU
		{4660470E-FAFD-29C9-596A-49842395B1AE}.Debug|Any CPU.ActiveCfg = Debug|Any CPU
		{4660470E-FAFD-29C9-596A-49842395B1AE}.Debug|Any CPU.Build.0 = Debug|Any CPU
		{4660470E-FAFD-29C9-596A-49842395B1AE}.Release|Any CPU.ActiveCfg = Release|Any CPU
		{4660470E-FAFD-29C9-596A-49842395B1AE}.Release|Any CPU.Build.0 = Release|Any CPU
		{B8692271-3E15-144A-8AF9-4879BE2A7EB7}.Debug|Any CPU.ActiveCfg = Debug|Any CPU
		{B8692271-3E15-144A-8AF9-4879BE2A7EB7}.Debug|Any CPU.Build.0 = Debug|Any CPU
		{B8692271-3E15-144A-8AF9-4879BE2A7EB7}.Release|Any CPU.ActiveCfg = Release|Any CPU
		{B8692271-3E15-144A-8AF9-4879BE2A7EB7}.Release|Any CPU.Build.0 = Release|Any CPU
	EndGlobalSection
	GlobalSection(SolutionProperties) = preSolution
		HideSolutionNode = FALSE
	EndGlobalSection
EndGlobal
